// !$*UTF8*$!
{
	archiveVersion = 1;
	classes = {
	};
	objectVersion = 51;
	objects = {

/* Begin PBXBuildFile section */
		3ED9F71525562541001F1558 /* GoogleService-Info.plist in Resources */ = {isa = PBXBuildFile; fileRef = 3ED9F71425562541001F1558 /* GoogleService-Info.plist */; };
		74E7AA5EF0C1D70A2ED41F47 /* Pods_ImHereTests.framework in Frameworks */ = {isa = PBXBuildFile; fileRef = 025F05D971622C3C55DBB2D0 /* Pods_ImHereTests.framework */; };
		7C98BFB95ADB01A2F2540318 /* Pods_ImHere_ImHereUITests.framework in Frameworks */ = {isa = PBXBuildFile; fileRef = A6BE1C30D51DCCDF56D9757D /* Pods_ImHere_ImHereUITests.framework */; };
		804F664D25552D56009039C2 /* Main.storyboard in Resources */ = {isa = PBXBuildFile; fileRef = 804F664C25552D56009039C2 /* Main.storyboard */; };
		807AA9F525535DFC0011C972 /* SceneDelegate.swift in Sources */ = {isa = PBXBuildFile; fileRef = 807AA9F425535DFC0011C972 /* SceneDelegate.swift */; };
		809ABCA6254F62130006552C /* AppDelegate.swift in Sources */ = {isa = PBXBuildFile; fileRef = 809ABCA5254F62130006552C /* AppDelegate.swift */; };
		809ABCAA254F62130006552C /* ViewController.swift in Sources */ = {isa = PBXBuildFile; fileRef = 809ABCA9254F62130006552C /* ViewController.swift */; };
		809ABCAF254F62140006552C /* Assets.xcassets in Resources */ = {isa = PBXBuildFile; fileRef = 809ABCAE254F62140006552C /* Assets.xcassets */; };
		809ABCB2254F62140006552C /* LaunchScreen.storyboard in Resources */ = {isa = PBXBuildFile; fileRef = 809ABCB0254F62140006552C /* LaunchScreen.storyboard */; };
		809ABCBD254F62140006552C /* I_m_HereTests.swift in Sources */ = {isa = PBXBuildFile; fileRef = 809ABCBC254F62140006552C /* I_m_HereTests.swift */; };
		809ABCC8254F62140006552C /* ImHereUITests.swift in Sources */ = {isa = PBXBuildFile; fileRef = 809ABCC7254F62140006552C /* ImHereUITests.swift */; };
		809ABCE3254F64A10006552C /* Extensions.swift in Sources */ = {isa = PBXBuildFile; fileRef = 809ABCE0254F64A10006552C /* Extensions.swift */; };
		809ABCE4254F64A10006552C /* ConversationsController.swift in Sources */ = {isa = PBXBuildFile; fileRef = 809ABCE1254F64A10006552C /* ConversationsController.swift */; };
		809ABCE5254F64A10006552C /* CustomTextField.swift in Sources */ = {isa = PBXBuildFile; fileRef = 809ABCE2254F64A10006552C /* CustomTextField.swift */; };
		809ABCF0254F64B30006552C /* RegistrationController.swift in Sources */ = {isa = PBXBuildFile; fileRef = 809ABCE9254F64B30006552C /* RegistrationController.swift */; };
		809ABCF1254F64B30006552C /* RegistrationViewModel.swift in Sources */ = {isa = PBXBuildFile; fileRef = 809ABCEA254F64B30006552C /* RegistrationViewModel.swift */; };
		809ABCF3254F64B30006552C /* LoginViewModel.swift in Sources */ = {isa = PBXBuildFile; fileRef = 809ABCEC254F64B30006552C /* LoginViewModel.swift */; };
		809ABCF4254F64B30006552C /* InputContainerView.swift in Sources */ = {isa = PBXBuildFile; fileRef = 809ABCED254F64B30006552C /* InputContainerView.swift */; };
		809ABCF5254F64B30006552C /* README.md in Resources */ = {isa = PBXBuildFile; fileRef = 809ABCEE254F64B30006552C /* README.md */; };
		809ABCF6254F64B30006552C /* LoginController.swift in Sources */ = {isa = PBXBuildFile; fileRef = 809ABCEF254F64B30006552C /* LoginController.swift */; };
		AE65445F0D5A4D4D010EFC62 /* Pods_ImHere.framework in Frameworks */ = {isa = PBXBuildFile; fileRef = 891EF3379E08589882E474C5 /* Pods_ImHere.framework */; };
/* End PBXBuildFile section */

/* Begin PBXContainerItemProxy section */
		809ABCB9254F62140006552C /* PBXContainerItemProxy */ = {
			isa = PBXContainerItemProxy;
			containerPortal = 809ABC9A254F62130006552C /* Project object */;
			proxyType = 1;
			remoteGlobalIDString = 809ABCA1254F62130006552C;
			remoteInfo = "I'm Here";
		};
		809ABCC4254F62140006552C /* PBXContainerItemProxy */ = {
			isa = PBXContainerItemProxy;
			containerPortal = 809ABC9A254F62130006552C /* Project object */;
			proxyType = 1;
			remoteGlobalIDString = 809ABCA1254F62130006552C;
			remoteInfo = "I'm Here";
		};
/* End PBXContainerItemProxy section */

/* Begin PBXFileReference section */
		025F05D971622C3C55DBB2D0 /* Pods_ImHereTests.framework */ = {isa = PBXFileReference; explicitFileType = wrapper.framework; includeInIndex = 0; path = Pods_ImHereTests.framework; sourceTree = BUILT_PRODUCTS_DIR; };
		3ED9F71425562541001F1558 /* GoogleService-Info.plist */ = {isa = PBXFileReference; lastKnownFileType = text.plist; path = "GoogleService-Info.plist"; sourceTree = SOURCE_ROOT; };
		5863B3306EBEB59E7ECD0D03 /* Pods-ImHereTests.debug.xcconfig */ = {isa = PBXFileReference; includeInIndex = 1; lastKnownFileType = text.xcconfig; name = "Pods-ImHereTests.debug.xcconfig"; path = "Target Support Files/Pods-ImHereTests/Pods-ImHereTests.debug.xcconfig"; sourceTree = "<group>"; };
		804F664C25552D56009039C2 /* Main.storyboard */ = {isa = PBXFileReference; fileEncoding = 4; lastKnownFileType = file.storyboard; path = Main.storyboard; sourceTree = "<group>"; };
		807AA9F425535DFC0011C972 /* SceneDelegate.swift */ = {isa = PBXFileReference; fileEncoding = 4; lastKnownFileType = sourcecode.swift; path = SceneDelegate.swift; sourceTree = "<group>"; };
		809ABCA2254F62130006552C /* ImHere.app */ = {isa = PBXFileReference; explicitFileType = wrapper.application; includeInIndex = 0; path = ImHere.app; sourceTree = BUILT_PRODUCTS_DIR; };
		809ABCA5254F62130006552C /* AppDelegate.swift */ = {isa = PBXFileReference; lastKnownFileType = sourcecode.swift; path = AppDelegate.swift; sourceTree = "<group>"; };
		809ABCA9254F62130006552C /* ViewController.swift */ = {isa = PBXFileReference; lastKnownFileType = sourcecode.swift; path = ViewController.swift; sourceTree = "<group>"; };
		809ABCAE254F62140006552C /* Assets.xcassets */ = {isa = PBXFileReference; lastKnownFileType = folder.assetcatalog; path = Assets.xcassets; sourceTree = "<group>"; };
		809ABCB1254F62140006552C /* Base */ = {isa = PBXFileReference; lastKnownFileType = file.storyboard; name = Base; path = Base.lproj/LaunchScreen.storyboard; sourceTree = "<group>"; };
		809ABCB3254F62140006552C /* Info.plist */ = {isa = PBXFileReference; lastKnownFileType = text.plist.xml; path = Info.plist; sourceTree = "<group>"; };
		809ABCB8254F62140006552C /* ImHereTests.xctest */ = {isa = PBXFileReference; explicitFileType = wrapper.cfbundle; includeInIndex = 0; path = ImHereTests.xctest; sourceTree = BUILT_PRODUCTS_DIR; };
		809ABCBC254F62140006552C /* I_m_HereTests.swift */ = {isa = PBXFileReference; lastKnownFileType = sourcecode.swift; path = I_m_HereTests.swift; sourceTree = "<group>"; };
		809ABCBE254F62140006552C /* Info.plist */ = {isa = PBXFileReference; lastKnownFileType = text.plist.xml; path = Info.plist; sourceTree = "<group>"; };
		809ABCC3254F62140006552C /* ImHereUITests.xctest */ = {isa = PBXFileReference; explicitFileType = wrapper.cfbundle; includeInIndex = 0; path = ImHereUITests.xctest; sourceTree = BUILT_PRODUCTS_DIR; };
		809ABCC7254F62140006552C /* ImHereUITests.swift */ = {isa = PBXFileReference; lastKnownFileType = sourcecode.swift; path = ImHereUITests.swift; sourceTree = "<group>"; };
		809ABCC9254F62140006552C /* Info.plist */ = {isa = PBXFileReference; lastKnownFileType = text.plist.xml; path = Info.plist; sourceTree = "<group>"; };
		809ABCE0254F64A10006552C /* Extensions.swift */ = {isa = PBXFileReference; fileEncoding = 4; lastKnownFileType = sourcecode.swift; path = Extensions.swift; sourceTree = "<group>"; };
		809ABCE1254F64A10006552C /* ConversationsController.swift */ = {isa = PBXFileReference; fileEncoding = 4; lastKnownFileType = sourcecode.swift; path = ConversationsController.swift; sourceTree = "<group>"; };
		809ABCE2254F64A10006552C /* CustomTextField.swift */ = {isa = PBXFileReference; fileEncoding = 4; lastKnownFileType = sourcecode.swift; path = CustomTextField.swift; sourceTree = "<group>"; };
		809ABCE9254F64B30006552C /* RegistrationController.swift */ = {isa = PBXFileReference; fileEncoding = 4; lastKnownFileType = sourcecode.swift; path = RegistrationController.swift; sourceTree = "<group>"; };
		809ABCEA254F64B30006552C /* RegistrationViewModel.swift */ = {isa = PBXFileReference; fileEncoding = 4; lastKnownFileType = sourcecode.swift; path = RegistrationViewModel.swift; sourceTree = "<group>"; };
		809ABCEC254F64B30006552C /* LoginViewModel.swift */ = {isa = PBXFileReference; fileEncoding = 4; lastKnownFileType = sourcecode.swift; path = LoginViewModel.swift; sourceTree = "<group>"; };
		809ABCED254F64B30006552C /* InputContainerView.swift */ = {isa = PBXFileReference; fileEncoding = 4; lastKnownFileType = sourcecode.swift; path = InputContainerView.swift; sourceTree = "<group>"; };
		809ABCEE254F64B30006552C /* README.md */ = {isa = PBXFileReference; fileEncoding = 4; lastKnownFileType = net.daringfireball.markdown; path = README.md; sourceTree = "<group>"; };
		809ABCEF254F64B30006552C /* LoginController.swift */ = {isa = PBXFileReference; fileEncoding = 4; lastKnownFileType = sourcecode.swift; path = LoginController.swift; sourceTree = "<group>"; };
		891EF3379E08589882E474C5 /* Pods_ImHere.framework */ = {isa = PBXFileReference; explicitFileType = wrapper.framework; includeInIndex = 0; path = Pods_ImHere.framework; sourceTree = BUILT_PRODUCTS_DIR; };
		8950C33342A99901D78C85C8 /* Pods-ImHere.debug.xcconfig */ = {isa = PBXFileReference; includeInIndex = 1; lastKnownFileType = text.xcconfig; name = "Pods-ImHere.debug.xcconfig"; path = "Target Support Files/Pods-ImHere/Pods-ImHere.debug.xcconfig"; sourceTree = "<group>"; };
		9C94DF6F767262AC482816F1 /* Pods-ImHere-ImHereUITests.release.xcconfig */ = {isa = PBXFileReference; includeInIndex = 1; lastKnownFileType = text.xcconfig; name = "Pods-ImHere-ImHereUITests.release.xcconfig"; path = "Target Support Files/Pods-ImHere-ImHereUITests/Pods-ImHere-ImHereUITests.release.xcconfig"; sourceTree = "<group>"; };
		A6075DE47DBEAC133327A4C6 /* Pods-ImHere-ImHereUITests.debug.xcconfig */ = {isa = PBXFileReference; includeInIndex = 1; lastKnownFileType = text.xcconfig; name = "Pods-ImHere-ImHereUITests.debug.xcconfig"; path = "Target Support Files/Pods-ImHere-ImHereUITests/Pods-ImHere-ImHereUITests.debug.xcconfig"; sourceTree = "<group>"; };
		A6BE1C30D51DCCDF56D9757D /* Pods_ImHere_ImHereUITests.framework */ = {isa = PBXFileReference; explicitFileType = wrapper.framework; includeInIndex = 0; path = Pods_ImHere_ImHereUITests.framework; sourceTree = BUILT_PRODUCTS_DIR; };
		B8BC3FBBC2E0082CB62DB623 /* Pods-ImHere.release.xcconfig */ = {isa = PBXFileReference; includeInIndex = 1; lastKnownFileType = text.xcconfig; name = "Pods-ImHere.release.xcconfig"; path = "Target Support Files/Pods-ImHere/Pods-ImHere.release.xcconfig"; sourceTree = "<group>"; };
		EC945917278F314990777A2F /* Pods-ImHereTests.release.xcconfig */ = {isa = PBXFileReference; includeInIndex = 1; lastKnownFileType = text.xcconfig; name = "Pods-ImHereTests.release.xcconfig"; path = "Target Support Files/Pods-ImHereTests/Pods-ImHereTests.release.xcconfig"; sourceTree = "<group>"; };
/* End PBXFileReference section */

/* Begin PBXFrameworksBuildPhase section */
		809ABC9F254F62130006552C /* Frameworks */ = {
			isa = PBXFrameworksBuildPhase;
			buildActionMask = 2147483647;
			files = (
				AE65445F0D5A4D4D010EFC62 /* Pods_ImHere.framework in Frameworks */,
			);
			runOnlyForDeploymentPostprocessing = 0;
		};
		809ABCB5254F62140006552C /* Frameworks */ = {
			isa = PBXFrameworksBuildPhase;
			buildActionMask = 2147483647;
			files = (
				74E7AA5EF0C1D70A2ED41F47 /* Pods_ImHereTests.framework in Frameworks */,
			);
			runOnlyForDeploymentPostprocessing = 0;
		};
		809ABCC0254F62140006552C /* Frameworks */ = {
			isa = PBXFrameworksBuildPhase;
			buildActionMask = 2147483647;
			files = (
				7C98BFB95ADB01A2F2540318 /* Pods_ImHere_ImHereUITests.framework in Frameworks */,
			);
			runOnlyForDeploymentPostprocessing = 0;
		};
/* End PBXFrameworksBuildPhase section */

/* Begin PBXGroup section */
		0AC843E91483BA38B6106ADA /* Pods */ = {
			isa = PBXGroup;
			children = (
				8950C33342A99901D78C85C8 /* Pods-ImHere.debug.xcconfig */,
				B8BC3FBBC2E0082CB62DB623 /* Pods-ImHere.release.xcconfig */,
				A6075DE47DBEAC133327A4C6 /* Pods-ImHere-ImHereUITests.debug.xcconfig */,
				9C94DF6F767262AC482816F1 /* Pods-ImHere-ImHereUITests.release.xcconfig */,
				5863B3306EBEB59E7ECD0D03 /* Pods-ImHereTests.debug.xcconfig */,
				EC945917278F314990777A2F /* Pods-ImHereTests.release.xcconfig */,
			);
			path = Pods;
			sourceTree = "<group>";
		};
		809ABC99254F62130006552C = {
			isa = PBXGroup;
			children = (
				809ABCEE254F64B30006552C /* README.md */,
				809ABCA4254F62130006552C /* ImHere */,
				809ABCBB254F62140006552C /* ImHereTests */,
				809ABCC6254F62140006552C /* ImHereUITests */,
				809ABCA3254F62130006552C /* Products */,
				0AC843E91483BA38B6106ADA /* Pods */,
				89213A32F11C5A345080B9DF /* Frameworks */,
			);
			sourceTree = "<group>";
		};
		809ABCA3254F62130006552C /* Products */ = {
			isa = PBXGroup;
			children = (
				809ABCA2254F62130006552C /* ImHere.app */,
				809ABCB8254F62140006552C /* ImHereTests.xctest */,
				809ABCC3254F62140006552C /* ImHereUITests.xctest */,
			);
			name = Products;
			sourceTree = "<group>";
		};
		809ABCA4254F62130006552C /* ImHere */ = {
			isa = PBXGroup;
			children = (
				3ED9F71425562541001F1558 /* GoogleService-Info.plist */,
				809ABCDE254F63490006552C /* Utilities */,
				809ABCDD254F63440006552C /* API */,
				809ABCDB254F62F80006552C /* Controllers */,
				809ABCDA254F62D20006552C /* Model View */,
				809ABCD9254F62C80006552C /* View */,
				809ABCD8254F62B90006552C /* Models */,
				809ABCA5254F62130006552C /* AppDelegate.swift */,
				809ABCA9254F62130006552C /* ViewController.swift */,
				807AA9F425535DFC0011C972 /* SceneDelegate.swift */,
				804F664C25552D56009039C2 /* Main.storyboard */,
				809ABCAE254F62140006552C /* Assets.xcassets */,
				809ABCB0254F62140006552C /* LaunchScreen.storyboard */,
				809ABCB3254F62140006552C /* Info.plist */,
			);
			path = ImHere;
			sourceTree = "<group>";
		};
		809ABCBB254F62140006552C /* ImHereTests */ = {
			isa = PBXGroup;
			children = (
				809ABCBC254F62140006552C /* I_m_HereTests.swift */,
				809ABCBE254F62140006552C /* Info.plist */,
			);
			path = ImHereTests;
			sourceTree = "<group>";
		};
		809ABCC6254F62140006552C /* ImHereUITests */ = {
			isa = PBXGroup;
			children = (
				809ABCC7254F62140006552C /* ImHereUITests.swift */,
				809ABCC9254F62140006552C /* Info.plist */,
			);
			path = ImHereUITests;
			sourceTree = "<group>";
		};
		809ABCD8254F62B90006552C /* Models */ = {
			isa = PBXGroup;
			children = (
			);
			path = Models;
			sourceTree = "<group>";
		};
		809ABCD9254F62C80006552C /* View */ = {
			isa = PBXGroup;
			children = (
				809ABCED254F64B30006552C /* InputContainerView.swift */,
				809ABCE2254F64A10006552C /* CustomTextField.swift */,
			);
			path = View;
			sourceTree = "<group>";
		};
		809ABCDA254F62D20006552C /* Model View */ = {
			isa = PBXGroup;
			children = (
				809ABCDF254F64030006552C /* Authentication */,
			);
			path = "Model View";
			sourceTree = "<group>";
		};
		809ABCDB254F62F80006552C /* Controllers */ = {
			isa = PBXGroup;
			children = (
				809ABCE1254F64A10006552C /* ConversationsController.swift */,
				809ABCDC254F631D0006552C /* Authentication */,
			);
			path = Controllers;
			sourceTree = "<group>";
		};
		809ABCDC254F631D0006552C /* Authentication */ = {
			isa = PBXGroup;
			children = (
				809ABCEF254F64B30006552C /* LoginController.swift */,
				809ABCE9254F64B30006552C /* RegistrationController.swift */,
			);
			path = Authentication;
			sourceTree = "<group>";
		};
		809ABCDD254F63440006552C /* API */ = {
			isa = PBXGroup;
			children = (
			);
			path = API;
			sourceTree = "<group>";
		};
		809ABCDE254F63490006552C /* Utilities */ = {
			isa = PBXGroup;
			children = (
				809ABCE0254F64A10006552C /* Extensions.swift */,
			);
			path = Utilities;
			sourceTree = "<group>";
		};
		809ABCDF254F64030006552C /* Authentication */ = {
			isa = PBXGroup;
			children = (
				809ABCEC254F64B30006552C /* LoginViewModel.swift */,
				809ABCEA254F64B30006552C /* RegistrationViewModel.swift */,
			);
			path = Authentication;
			sourceTree = "<group>";
		};
		89213A32F11C5A345080B9DF /* Frameworks */ = {
			isa = PBXGroup;
			children = (
				891EF3379E08589882E474C5 /* Pods_ImHere.framework */,
				A6BE1C30D51DCCDF56D9757D /* Pods_ImHere_ImHereUITests.framework */,
				025F05D971622C3C55DBB2D0 /* Pods_ImHereTests.framework */,
			);
			name = Frameworks;
			sourceTree = "<group>";
		};
/* End PBXGroup section */

/* Begin PBXNativeTarget section */
		809ABCA1254F62130006552C /* ImHere */ = {
			isa = PBXNativeTarget;
			buildConfigurationList = 809ABCCC254F62140006552C /* Build configuration list for PBXNativeTarget "ImHere" */;
			buildPhases = (
				2B5F335B888A913C2963FA19 /* [CP] Check Pods Manifest.lock */,
				809ABC9E254F62130006552C /* Sources */,
				809ABC9F254F62130006552C /* Frameworks */,
				809ABCA0254F62130006552C /* Resources */,
				FB84972A681030A09F77B709 /* [CP] Embed Pods Frameworks */,
			);
			buildRules = (
			);
			dependencies = (
			);
			name = ImHere;
			productName = "I'm Here";
			productReference = 809ABCA2254F62130006552C /* ImHere.app */;
			productType = "com.apple.product-type.application";
		};
		809ABCB7254F62140006552C /* ImHereTests */ = {
			isa = PBXNativeTarget;
			buildConfigurationList = 809ABCCF254F62140006552C /* Build configuration list for PBXNativeTarget "ImHereTests" */;
			buildPhases = (
				421BF7C6FFDBB927DA26AD07 /* [CP] Check Pods Manifest.lock */,
				809ABCB4254F62140006552C /* Sources */,
				809ABCB5254F62140006552C /* Frameworks */,
				809ABCB6254F62140006552C /* Resources */,
			);
			buildRules = (
			);
			dependencies = (
				809ABCBA254F62140006552C /* PBXTargetDependency */,
			);
			name = ImHereTests;
			productName = "I'm HereTests";
			productReference = 809ABCB8254F62140006552C /* ImHereTests.xctest */;
			productType = "com.apple.product-type.bundle.unit-test";
		};
		809ABCC2254F62140006552C /* ImHereUITests */ = {
			isa = PBXNativeTarget;
			buildConfigurationList = 809ABCD2254F62140006552C /* Build configuration list for PBXNativeTarget "ImHereUITests" */;
			buildPhases = (
				7D2E575C013790D0ED2A4A8D /* [CP] Check Pods Manifest.lock */,
				809ABCBF254F62140006552C /* Sources */,
				809ABCC0254F62140006552C /* Frameworks */,
				809ABCC1254F62140006552C /* Resources */,
				AEC4E0AB3E1C2A8DD67EE445 /* [CP] Embed Pods Frameworks */,
			);
			buildRules = (
			);
			dependencies = (
				809ABCC5254F62140006552C /* PBXTargetDependency */,
			);
			name = ImHereUITests;
			productName = "I'm HereUITests";
			productReference = 809ABCC3254F62140006552C /* ImHereUITests.xctest */;
			productType = "com.apple.product-type.bundle.ui-testing";
		};
/* End PBXNativeTarget section */

/* Begin PBXProject section */
		809ABC9A254F62130006552C /* Project object */ = {
			isa = PBXProject;
			attributes = {
				LastSwiftUpdateCheck = 1200;
				LastUpgradeCheck = 1200;
				TargetAttributes = {
					809ABCA1254F62130006552C = {
						CreatedOnToolsVersion = 12.0.1;
					};
					809ABCB7254F62140006552C = {
						CreatedOnToolsVersion = 12.0.1;
						TestTargetID = 809ABCA1254F62130006552C;
					};
					809ABCC2254F62140006552C = {
						CreatedOnToolsVersion = 12.0.1;
						TestTargetID = 809ABCA1254F62130006552C;
					};
				};
			};
			buildConfigurationList = 809ABC9D254F62130006552C /* Build configuration list for PBXProject "ImHere" */;
			compatibilityVersion = "Xcode 9.3";
			developmentRegion = en;
			hasScannedForEncodings = 0;
			knownRegions = (
				en,
				Base,
			);
			mainGroup = 809ABC99254F62130006552C;
			productRefGroup = 809ABCA3254F62130006552C /* Products */;
			projectDirPath = "";
			projectRoot = "";
			targets = (
				809ABCA1254F62130006552C /* ImHere */,
				809ABCB7254F62140006552C /* ImHereTests */,
				809ABCC2254F62140006552C /* ImHereUITests */,
			);
		};
/* End PBXProject section */

/* Begin PBXResourcesBuildPhase section */
		809ABCA0254F62130006552C /* Resources */ = {
			isa = PBXResourcesBuildPhase;
			buildActionMask = 2147483647;
			files = (
				809ABCB2254F62140006552C /* LaunchScreen.storyboard in Resources */,
				804F664D25552D56009039C2 /* Main.storyboard in Resources */,
				3ED9F71525562541001F1558 /* GoogleService-Info.plist in Resources */,
				809ABCAF254F62140006552C /* Assets.xcassets in Resources */,
				809ABCF5254F64B30006552C /* README.md in Resources */,
			);
			runOnlyForDeploymentPostprocessing = 0;
		};
		809ABCB6254F62140006552C /* Resources */ = {
			isa = PBXResourcesBuildPhase;
			buildActionMask = 2147483647;
			files = (
			);
			runOnlyForDeploymentPostprocessing = 0;
		};
		809ABCC1254F62140006552C /* Resources */ = {
			isa = PBXResourcesBuildPhase;
			buildActionMask = 2147483647;
			files = (
			);
			runOnlyForDeploymentPostprocessing = 0;
		};
/* End PBXResourcesBuildPhase section */

/* Begin PBXShellScriptBuildPhase section */
		2B5F335B888A913C2963FA19 /* [CP] Check Pods Manifest.lock */ = {
			isa = PBXShellScriptBuildPhase;
			buildActionMask = 2147483647;
			files = (
			);
			inputFileListPaths = (
			);
			inputPaths = (
				"${PODS_PODFILE_DIR_PATH}/Podfile.lock",
				"${PODS_ROOT}/Manifest.lock",
			);
			name = "[CP] Check Pods Manifest.lock";
			outputFileListPaths = (
			);
			outputPaths = (
				"$(DERIVED_FILE_DIR)/Pods-ImHere-checkManifestLockResult.txt",
			);
			runOnlyForDeploymentPostprocessing = 0;
			shellPath = /bin/sh;
			shellScript = "diff \"${PODS_PODFILE_DIR_PATH}/Podfile.lock\" \"${PODS_ROOT}/Manifest.lock\" > /dev/null\nif [ $? != 0 ] ; then\n    # print error to STDERR\n    echo \"error: The sandbox is not in sync with the Podfile.lock. Run 'pod install' or update your CocoaPods installation.\" >&2\n    exit 1\nfi\n# This output is used by Xcode 'outputs' to avoid re-running this script phase.\necho \"SUCCESS\" > \"${SCRIPT_OUTPUT_FILE_0}\"\n";
			showEnvVarsInLog = 0;
		};
		421BF7C6FFDBB927DA26AD07 /* [CP] Check Pods Manifest.lock */ = {
			isa = PBXShellScriptBuildPhase;
			buildActionMask = 2147483647;
			files = (
			);
			inputFileListPaths = (
			);
			inputPaths = (
				"${PODS_PODFILE_DIR_PATH}/Podfile.lock",
				"${PODS_ROOT}/Manifest.lock",
			);
			name = "[CP] Check Pods Manifest.lock";
			outputFileListPaths = (
			);
			outputPaths = (
				"$(DERIVED_FILE_DIR)/Pods-ImHereTests-checkManifestLockResult.txt",
			);
			runOnlyForDeploymentPostprocessing = 0;
			shellPath = /bin/sh;
			shellScript = "diff \"${PODS_PODFILE_DIR_PATH}/Podfile.lock\" \"${PODS_ROOT}/Manifest.lock\" > /dev/null\nif [ $? != 0 ] ; then\n    # print error to STDERR\n    echo \"error: The sandbox is not in sync with the Podfile.lock. Run 'pod install' or update your CocoaPods installation.\" >&2\n    exit 1\nfi\n# This output is used by Xcode 'outputs' to avoid re-running this script phase.\necho \"SUCCESS\" > \"${SCRIPT_OUTPUT_FILE_0}\"\n";
			showEnvVarsInLog = 0;
		};
		7D2E575C013790D0ED2A4A8D /* [CP] Check Pods Manifest.lock */ = {
			isa = PBXShellScriptBuildPhase;
			buildActionMask = 2147483647;
			files = (
			);
			inputFileListPaths = (
			);
			inputPaths = (
				"${PODS_PODFILE_DIR_PATH}/Podfile.lock",
				"${PODS_ROOT}/Manifest.lock",
			);
			name = "[CP] Check Pods Manifest.lock";
			outputFileListPaths = (
			);
			outputPaths = (
				"$(DERIVED_FILE_DIR)/Pods-ImHere-ImHereUITests-checkManifestLockResult.txt",
			);
			runOnlyForDeploymentPostprocessing = 0;
			shellPath = /bin/sh;
			shellScript = "diff \"${PODS_PODFILE_DIR_PATH}/Podfile.lock\" \"${PODS_ROOT}/Manifest.lock\" > /dev/null\nif [ $? != 0 ] ; then\n    # print error to STDERR\n    echo \"error: The sandbox is not in sync with the Podfile.lock. Run 'pod install' or update your CocoaPods installation.\" >&2\n    exit 1\nfi\n# This output is used by Xcode 'outputs' to avoid re-running this script phase.\necho \"SUCCESS\" > \"${SCRIPT_OUTPUT_FILE_0}\"\n";
			showEnvVarsInLog = 0;
		};
		AEC4E0AB3E1C2A8DD67EE445 /* [CP] Embed Pods Frameworks */ = {
			isa = PBXShellScriptBuildPhase;
			buildActionMask = 2147483647;
			files = (
			);
			inputFileListPaths = (
				"${PODS_ROOT}/Target Support Files/Pods-ImHere-ImHereUITests/Pods-ImHere-ImHereUITests-frameworks-${CONFIGURATION}-input-files.xcfilelist",
			);
			name = "[CP] Embed Pods Frameworks";
			outputFileListPaths = (
				"${PODS_ROOT}/Target Support Files/Pods-ImHere-ImHereUITests/Pods-ImHere-ImHereUITests-frameworks-${CONFIGURATION}-output-files.xcfilelist",
			);
			runOnlyForDeploymentPostprocessing = 0;
			shellPath = /bin/sh;
			shellScript = "\"${PODS_ROOT}/Target Support Files/Pods-ImHere-ImHereUITests/Pods-ImHere-ImHereUITests-frameworks.sh\"\n";
			showEnvVarsInLog = 0;
		};
		FB84972A681030A09F77B709 /* [CP] Embed Pods Frameworks */ = {
			isa = PBXShellScriptBuildPhase;
			buildActionMask = 2147483647;
			files = (
			);
			inputFileListPaths = (
				"${PODS_ROOT}/Target Support Files/Pods-ImHere/Pods-ImHere-frameworks-${CONFIGURATION}-input-files.xcfilelist",
			);
			name = "[CP] Embed Pods Frameworks";
			outputFileListPaths = (
				"${PODS_ROOT}/Target Support Files/Pods-ImHere/Pods-ImHere-frameworks-${CONFIGURATION}-output-files.xcfilelist",
			);
			runOnlyForDeploymentPostprocessing = 0;
			shellPath = /bin/sh;
			shellScript = "\"${PODS_ROOT}/Target Support Files/Pods-ImHere/Pods-ImHere-frameworks.sh\"\n";
			showEnvVarsInLog = 0;
		};
/* End PBXShellScriptBuildPhase section */

/* Begin PBXSourcesBuildPhase section */
		809ABC9E254F62130006552C /* Sources */ = {
			isa = PBXSourcesBuildPhase;
			buildActionMask = 2147483647;
			files = (
				809ABCF0254F64B30006552C /* RegistrationController.swift in Sources */,
				809ABCF6254F64B30006552C /* LoginController.swift in Sources */,
				809ABCAA254F62130006552C /* ViewController.swift in Sources */,
				809ABCA6254F62130006552C /* AppDelegate.swift in Sources */,
				809ABCE5254F64A10006552C /* CustomTextField.swift in Sources */,
				809ABCF4254F64B30006552C /* InputContainerView.swift in Sources */,
				809ABCE4254F64A10006552C /* ConversationsController.swift in Sources */,
				807AA9F525535DFC0011C972 /* SceneDelegate.swift in Sources */,
				809ABCF1254F64B30006552C /* RegistrationViewModel.swift in Sources */,
				809ABCF3254F64B30006552C /* LoginViewModel.swift in Sources */,
				809ABCE3254F64A10006552C /* Extensions.swift in Sources */,
			);
			runOnlyForDeploymentPostprocessing = 0;
		};
		809ABCB4254F62140006552C /* Sources */ = {
			isa = PBXSourcesBuildPhase;
			buildActionMask = 2147483647;
			files = (
				809ABCBD254F62140006552C /* I_m_HereTests.swift in Sources */,
			);
			runOnlyForDeploymentPostprocessing = 0;
		};
		809ABCBF254F62140006552C /* Sources */ = {
			isa = PBXSourcesBuildPhase;
			buildActionMask = 2147483647;
			files = (
				809ABCC8254F62140006552C /* ImHereUITests.swift in Sources */,
			);
			runOnlyForDeploymentPostprocessing = 0;
		};
/* End PBXSourcesBuildPhase section */

/* Begin PBXTargetDependency section */
		809ABCBA254F62140006552C /* PBXTargetDependency */ = {
			isa = PBXTargetDependency;
			target = 809ABCA1254F62130006552C /* ImHere */;
			targetProxy = 809ABCB9254F62140006552C /* PBXContainerItemProxy */;
		};
		809ABCC5254F62140006552C /* PBXTargetDependency */ = {
			isa = PBXTargetDependency;
			target = 809ABCA1254F62130006552C /* ImHere */;
			targetProxy = 809ABCC4254F62140006552C /* PBXContainerItemProxy */;
		};
/* End PBXTargetDependency section */

/* Begin PBXVariantGroup section */
		809ABCB0254F62140006552C /* LaunchScreen.storyboard */ = {
			isa = PBXVariantGroup;
			children = (
				809ABCB1254F62140006552C /* Base */,
			);
			name = LaunchScreen.storyboard;
			sourceTree = "<group>";
		};
/* End PBXVariantGroup section */

/* Begin XCBuildConfiguration section */
		809ABCCA254F62140006552C /* Debug */ = {
			isa = XCBuildConfiguration;
			buildSettings = {
				ALWAYS_SEARCH_USER_PATHS = NO;
				CLANG_ANALYZER_NONNULL = YES;
				CLANG_ANALYZER_NUMBER_OBJECT_CONVERSION = YES_AGGRESSIVE;
				CLANG_CXX_LANGUAGE_STANDARD = "gnu++14";
				CLANG_CXX_LIBRARY = "libc++";
				CLANG_ENABLE_MODULES = YES;
				CLANG_ENABLE_OBJC_ARC = YES;
				CLANG_ENABLE_OBJC_WEAK = YES;
				CLANG_WARN_BLOCK_CAPTURE_AUTORELEASING = YES;
				CLANG_WARN_BOOL_CONVERSION = YES;
				CLANG_WARN_COMMA = YES;
				CLANG_WARN_CONSTANT_CONVERSION = YES;
				CLANG_WARN_DEPRECATED_OBJC_IMPLEMENTATIONS = YES;
				CLANG_WARN_DIRECT_OBJC_ISA_USAGE = YES_ERROR;
				CLANG_WARN_DOCUMENTATION_COMMENTS = YES;
				CLANG_WARN_EMPTY_BODY = YES;
				CLANG_WARN_ENUM_CONVERSION = YES;
				CLANG_WARN_INFINITE_RECURSION = YES;
				CLANG_WARN_INT_CONVERSION = YES;
				CLANG_WARN_NON_LITERAL_NULL_CONVERSION = YES;
				CLANG_WARN_OBJC_IMPLICIT_RETAIN_SELF = YES;
				CLANG_WARN_OBJC_LITERAL_CONVERSION = YES;
				CLANG_WARN_OBJC_ROOT_CLASS = YES_ERROR;
				CLANG_WARN_QUOTED_INCLUDE_IN_FRAMEWORK_HEADER = YES;
				CLANG_WARN_RANGE_LOOP_ANALYSIS = YES;
				CLANG_WARN_STRICT_PROTOTYPES = YES;
				CLANG_WARN_SUSPICIOUS_MOVE = YES;
				CLANG_WARN_UNGUARDED_AVAILABILITY = YES_AGGRESSIVE;
				CLANG_WARN_UNREACHABLE_CODE = YES;
				CLANG_WARN__DUPLICATE_METHOD_MATCH = YES;
				COPY_PHASE_STRIP = NO;
				DEBUG_INFORMATION_FORMAT = dwarf;
				ENABLE_STRICT_OBJC_MSGSEND = YES;
				ENABLE_TESTABILITY = YES;
				GCC_C_LANGUAGE_STANDARD = gnu11;
				GCC_DYNAMIC_NO_PIC = NO;
				GCC_NO_COMMON_BLOCKS = YES;
				GCC_OPTIMIZATION_LEVEL = 0;
				GCC_PREPROCESSOR_DEFINITIONS = (
					"DEBUG=1",
					"$(inherited)",
				);
				GCC_WARN_64_TO_32_BIT_CONVERSION = YES;
				GCC_WARN_ABOUT_RETURN_TYPE = YES_ERROR;
				GCC_WARN_UNDECLARED_SELECTOR = YES;
				GCC_WARN_UNINITIALIZED_AUTOS = YES_AGGRESSIVE;
				GCC_WARN_UNUSED_FUNCTION = YES;
				GCC_WARN_UNUSED_VARIABLE = YES;
				IPHONEOS_DEPLOYMENT_TARGET = 14.0;
				MTL_ENABLE_DEBUG_INFO = INCLUDE_SOURCE;
				MTL_FAST_MATH = YES;
				ONLY_ACTIVE_ARCH = YES;
				SDKROOT = iphoneos;
				SWIFT_ACTIVE_COMPILATION_CONDITIONS = DEBUG;
				SWIFT_OPTIMIZATION_LEVEL = "-Onone";
			};
			name = Debug;
		};
		809ABCCB254F62140006552C /* Release */ = {
			isa = XCBuildConfiguration;
			buildSettings = {
				ALWAYS_SEARCH_USER_PATHS = NO;
				CLANG_ANALYZER_NONNULL = YES;
				CLANG_ANALYZER_NUMBER_OBJECT_CONVERSION = YES_AGGRESSIVE;
				CLANG_CXX_LANGUAGE_STANDARD = "gnu++14";
				CLANG_CXX_LIBRARY = "libc++";
				CLANG_ENABLE_MODULES = YES;
				CLANG_ENABLE_OBJC_ARC = YES;
				CLANG_ENABLE_OBJC_WEAK = YES;
				CLANG_WARN_BLOCK_CAPTURE_AUTORELEASING = YES;
				CLANG_WARN_BOOL_CONVERSION = YES;
				CLANG_WARN_COMMA = YES;
				CLANG_WARN_CONSTANT_CONVERSION = YES;
				CLANG_WARN_DEPRECATED_OBJC_IMPLEMENTATIONS = YES;
				CLANG_WARN_DIRECT_OBJC_ISA_USAGE = YES_ERROR;
				CLANG_WARN_DOCUMENTATION_COMMENTS = YES;
				CLANG_WARN_EMPTY_BODY = YES;
				CLANG_WARN_ENUM_CONVERSION = YES;
				CLANG_WARN_INFINITE_RECURSION = YES;
				CLANG_WARN_INT_CONVERSION = YES;
				CLANG_WARN_NON_LITERAL_NULL_CONVERSION = YES;
				CLANG_WARN_OBJC_IMPLICIT_RETAIN_SELF = YES;
				CLANG_WARN_OBJC_LITERAL_CONVERSION = YES;
				CLANG_WARN_OBJC_ROOT_CLASS = YES_ERROR;
				CLANG_WARN_QUOTED_INCLUDE_IN_FRAMEWORK_HEADER = YES;
				CLANG_WARN_RANGE_LOOP_ANALYSIS = YES;
				CLANG_WARN_STRICT_PROTOTYPES = YES;
				CLANG_WARN_SUSPICIOUS_MOVE = YES;
				CLANG_WARN_UNGUARDED_AVAILABILITY = YES_AGGRESSIVE;
				CLANG_WARN_UNREACHABLE_CODE = YES;
				CLANG_WARN__DUPLICATE_METHOD_MATCH = YES;
				COPY_PHASE_STRIP = NO;
				DEBUG_INFORMATION_FORMAT = "dwarf-with-dsym";
				ENABLE_NS_ASSERTIONS = NO;
				ENABLE_STRICT_OBJC_MSGSEND = YES;
				GCC_C_LANGUAGE_STANDARD = gnu11;
				GCC_NO_COMMON_BLOCKS = YES;
				GCC_WARN_64_TO_32_BIT_CONVERSION = YES;
				GCC_WARN_ABOUT_RETURN_TYPE = YES_ERROR;
				GCC_WARN_UNDECLARED_SELECTOR = YES;
				GCC_WARN_UNINITIALIZED_AUTOS = YES_AGGRESSIVE;
				GCC_WARN_UNUSED_FUNCTION = YES;
				GCC_WARN_UNUSED_VARIABLE = YES;
				IPHONEOS_DEPLOYMENT_TARGET = 14.0;
				MTL_ENABLE_DEBUG_INFO = NO;
				MTL_FAST_MATH = YES;
				SDKROOT = iphoneos;
				SWIFT_COMPILATION_MODE = wholemodule;
				SWIFT_OPTIMIZATION_LEVEL = "-O";
				VALIDATE_PRODUCT = YES;
			};
			name = Release;
		};
		809ABCCD254F62140006552C /* Debug */ = {
			isa = XCBuildConfiguration;
			baseConfigurationReference = 8950C33342A99901D78C85C8 /* Pods-ImHere.debug.xcconfig */;
			buildSettings = {
				ASSETCATALOG_COMPILER_APPICON_NAME = AppIcon;
				ASSETCATALOG_COMPILER_GLOBAL_ACCENT_COLOR_NAME = AccentColor;
				CODE_SIGN_STYLE = Automatic;
				FRAMEWORK_SEARCH_PATHS = (
					"$(inherited)",
					"\"${PODS_CONFIGURATION_BUILD_DIR}/FirebaseAuth\"",
					"\"${PODS_CONFIGURATION_BUILD_DIR}/FirebaseCore\"",
					"\"${PODS_CONFIGURATION_BUILD_DIR}/FirebaseCoreDiagnostics\"",
					"\"${PODS_CONFIGURATION_BUILD_DIR}/FirebaseDatabase\"",
					"\"${PODS_CONFIGURATION_BUILD_DIR}/FirebaseStorage\"",
					"\"${PODS_CONFIGURATION_BUILD_DIR}/GTMSessionFetcher\"",
					"\"${PODS_CONFIGURATION_BUILD_DIR}/GoogleDataTransport\"",
					"\"${PODS_CONFIGURATION_BUILD_DIR}/GoogleUtilities\"",
					"\"${PODS_CONFIGURATION_BUILD_DIR}/PromisesObjC\"",
					"\"${PODS_CONFIGURATION_BUILD_DIR}/leveldb-library\"",
					"\"${PODS_CONFIGURATION_BUILD_DIR}/nanopb\"",
				);
				INFOPLIST_FILE = ImHere/Info.plist;
				LD_RUNPATH_SEARCH_PATHS = (
					"$(inherited)",
					"@executable_path/Frameworks",
				);
				PRODUCT_BUNDLE_IDENTIFIER = Codepath.ImHere;
				PRODUCT_NAME = "$(TARGET_NAME)";
				SWIFT_VERSION = 5.0;
				TARGETED_DEVICE_FAMILY = "1,2";
			};
			name = Debug;
		};
		809ABCCE254F62140006552C /* Release */ = {
			isa = XCBuildConfiguration;
			baseConfigurationReference = B8BC3FBBC2E0082CB62DB623 /* Pods-ImHere.release.xcconfig */;
			buildSettings = {
				ASSETCATALOG_COMPILER_APPICON_NAME = AppIcon;
				ASSETCATALOG_COMPILER_GLOBAL_ACCENT_COLOR_NAME = AccentColor;
				CODE_SIGN_STYLE = Automatic;
				FRAMEWORK_SEARCH_PATHS = (
					"$(inherited)",
					"\"${PODS_CONFIGURATION_BUILD_DIR}/FirebaseAuth\"",
					"\"${PODS_CONFIGURATION_BUILD_DIR}/FirebaseCore\"",
					"\"${PODS_CONFIGURATION_BUILD_DIR}/FirebaseCoreDiagnostics\"",
					"\"${PODS_CONFIGURATION_BUILD_DIR}/FirebaseDatabase\"",
					"\"${PODS_CONFIGURATION_BUILD_DIR}/FirebaseStorage\"",
					"\"${PODS_CONFIGURATION_BUILD_DIR}/GTMSessionFetcher\"",
					"\"${PODS_CONFIGURATION_BUILD_DIR}/GoogleDataTransport\"",
					"\"${PODS_CONFIGURATION_BUILD_DIR}/GoogleUtilities\"",
					"\"${PODS_CONFIGURATION_BUILD_DIR}/PromisesObjC\"",
					"\"${PODS_CONFIGURATION_BUILD_DIR}/leveldb-library\"",
					"\"${PODS_CONFIGURATION_BUILD_DIR}/nanopb\"",
				);
				INFOPLIST_FILE = ImHere/Info.plist;
				LD_RUNPATH_SEARCH_PATHS = (
					"$(inherited)",
					"@executable_path/Frameworks",
				);
				PRODUCT_BUNDLE_IDENTIFIER = Codepath.ImHere;
				PRODUCT_NAME = "$(TARGET_NAME)";
				SWIFT_VERSION = 5.0;
				TARGETED_DEVICE_FAMILY = "1,2";
			};
			name = Release;
		};
		809ABCD0254F62140006552C /* Debug */ = {
			isa = XCBuildConfiguration;
			baseConfigurationReference = 5863B3306EBEB59E7ECD0D03 /* Pods-ImHereTests.debug.xcconfig */;
			buildSettings = {
				ALWAYS_EMBED_SWIFT_STANDARD_LIBRARIES = YES;
				BUNDLE_LOADER = "$(TEST_HOST)";
				CODE_SIGN_STYLE = Automatic;
				INFOPLIST_FILE = "I'm HereTests/Info.plist";
				IPHONEOS_DEPLOYMENT_TARGET = 14.0;
				LD_RUNPATH_SEARCH_PATHS = (
					"$(inherited)",
					"@executable_path/Frameworks",
					"@loader_path/Frameworks",
				);
				PRODUCT_BUNDLE_IDENTIFIER = "Codepath.I-m-HereTests";
				PRODUCT_NAME = "$(TARGET_NAME)";
				SWIFT_VERSION = 5.0;
				TARGETED_DEVICE_FAMILY = "1,2";
				TEST_HOST = "$(BUILT_PRODUCTS_DIR)/ImHere.app/ImHere";
			};
			name = Debug;
		};
		809ABCD1254F62140006552C /* Release */ = {
			isa = XCBuildConfiguration;
			baseConfigurationReference = EC945917278F314990777A2F /* Pods-ImHereTests.release.xcconfig */;
			buildSettings = {
				ALWAYS_EMBED_SWIFT_STANDARD_LIBRARIES = YES;
				BUNDLE_LOADER = "$(TEST_HOST)";
				CODE_SIGN_STYLE = Automatic;
				INFOPLIST_FILE = "I'm HereTests/Info.plist";
				IPHONEOS_DEPLOYMENT_TARGET = 14.0;
				LD_RUNPATH_SEARCH_PATHS = (
					"$(inherited)",
					"@executable_path/Frameworks",
					"@loader_path/Frameworks",
				);
				PRODUCT_BUNDLE_IDENTIFIER = "Codepath.I-m-HereTests";
				PRODUCT_NAME = "$(TARGET_NAME)";
				SWIFT_VERSION = 5.0;
				TARGETED_DEVICE_FAMILY = "1,2";
				TEST_HOST = "$(BUILT_PRODUCTS_DIR)/ImHere.app/ImHere";
			};
			name = Release;
		};
		809ABCD3254F62140006552C /* Debug */ = {
			isa = XCBuildConfiguration;
			baseConfigurationReference = A6075DE47DBEAC133327A4C6 /* Pods-ImHere-ImHereUITests.debug.xcconfig */;
			buildSettings = {
				ALWAYS_EMBED_SWIFT_STANDARD_LIBRARIES = YES;
				CODE_SIGN_STYLE = Automatic;
				INFOPLIST_FILE = "I'm HereUITests/Info.plist";
				LD_RUNPATH_SEARCH_PATHS = (
					"$(inherited)",
					"@executable_path/Frameworks",
					"@loader_path/Frameworks",
				);
				PRODUCT_BUNDLE_IDENTIFIER = "Codepath.I-m-HereUITests";
				PRODUCT_NAME = "$(TARGET_NAME)";
				SWIFT_VERSION = 5.0;
				TARGETED_DEVICE_FAMILY = "1,2";
				TEST_TARGET_NAME = "I'm Here";
			};
			name = Debug;
		};
		809ABCD4254F62140006552C /* Release */ = {
			isa = XCBuildConfiguration;
			baseConfigurationReference = 9C94DF6F767262AC482816F1 /* Pods-ImHere-ImHereUITests.release.xcconfig */;
			buildSettings = {
				ALWAYS_EMBED_SWIFT_STANDARD_LIBRARIES = YES;
				CODE_SIGN_STYLE = Automatic;
				INFOPLIST_FILE = "I'm HereUITests/Info.plist";
				LD_RUNPATH_SEARCH_PATHS = (
					"$(inherited)",
					"@executable_path/Frameworks",
					"@loader_path/Frameworks",
				);
				PRODUCT_BUNDLE_IDENTIFIER = "Codepath.I-m-HereUITests";
				PRODUCT_NAME = "$(TARGET_NAME)";
				SWIFT_VERSION = 5.0;
				TARGETED_DEVICE_FAMILY = "1,2";
				TEST_TARGET_NAME = "I'm Here";
			};
			name = Release;
		};
/* End XCBuildConfiguration section */

/* Begin XCConfigurationList section */
		809ABC9D254F62130006552C /* Build configuration list for PBXProject "ImHere" */ = {
			isa = XCConfigurationList;
			buildConfigurations = (
				809ABCCA254F62140006552C /* Debug */,
				809ABCCB254F62140006552C /* Release */,
			);
			defaultConfigurationIsVisible = 0;
			defaultConfigurationName = Release;
		};
		809ABCCC254F62140006552C /* Build configuration list for PBXNativeTarget "ImHere" */ = {
			isa = XCConfigurationList;
			buildConfigurations = (
				809ABCCD254F62140006552C /* Debug */,
				809ABCCE254F62140006552C /* Release */,
			);
			defaultConfigurationIsVisible = 0;
			defaultConfigurationName = Release;
		};
		809ABCCF254F62140006552C /* Build configuration list for PBXNativeTarget "ImHereTests" */ = {
			isa = XCConfigurationList;
			buildConfigurations = (
				809ABCD0254F62140006552C /* Debug */,
				809ABCD1254F62140006552C /* Release */,
			);
			defaultConfigurationIsVisible = 0;
			defaultConfigurationName = Release;
		};
		809ABCD2254F62140006552C /* Build configuration list for PBXNativeTarget "ImHereUITests" */ = {
			isa = XCConfigurationList;
			buildConfigurations = (
				809ABCD3254F62140006552C /* Debug */,
				809ABCD4254F62140006552C /* Release */,
			);
			defaultConfigurationIsVisible = 0;
			defaultConfigurationName = Release;
		};
/* End XCConfigurationList section */
	};
	rootObject = 809ABC9A254F62130006552C /* Project object */;
}
